
Microsoft Visual Studio Solution File, Format Version 12.00
# Visual Studio 15
VisualStudioVersion = 15.0.27428.2027
MinimumVisualStudioVersion = 10.0.40219.1
Project("{FAE04EC0-301F-11D3-BF4B-00C04F79EFBC}") = "BroSecretary", "BroSecretary\BroSecretary.csproj", "{925C6D42-B608-41CC-BD76-C91CF6B51707}"
EndProject
Project("{FAE04EC0-301F-11D3-BF4B-00C04F79EFBC}") = "BroSecretary.Tests", "BroSecretary.Tests\BroSecretary.Tests.csproj", "{140E8AB6-BA7F-44C0-9D1C-2B313909E723}"
EndProject
Global
	GlobalSection(SolutionConfigurationPlatforms) = preSolution
		Debug|Any CPU = Debug|Any CPU
		Release|Any CPU = Release|Any CPU
	EndGlobalSection
	GlobalSection(ProjectConfigurationPlatforms) = postSolution
		{925C6D42-B608-41CC-BD76-C91CF6B51707}.Debug|Any CPU.ActiveCfg = Debug|Any CPU
		{925C6D42-B608-41CC-BD76-C91CF6B51707}.Debug|Any CPU.Build.0 = Debug|Any CPU
		{925C6D42-B608-41CC-BD76-C91CF6B51707}.Release|Any CPU.ActiveCfg = Release|Any CPU
		{925C6D42-B608-41CC-BD76-C91CF6B51707}.Release|Any CPU.Build.0 = Release|Any CPU
		{140E8AB6-BA7F-44C0-9D1C-2B313909E723}.Debug|Any CPU.ActiveCfg = Debug|Any CPU
		{140E8AB6-BA7F-44C0-9D1C-2B313909E723}.Debug|Any CPU.Build.0 = Debug|Any CPU
		{140E8AB6-BA7F-44C0-9D1C-2B313909E723}.Release|Any CPU.ActiveCfg = Release|Any CPU
		{140E8AB6-BA7F-44C0-9D1C-2B313909E723}.Release|Any CPU.Build.0 = Release|Any CPU
	EndGlobalSection
	GlobalSection(SolutionProperties) = preSolution
		HideSolutionNode = FALSE
	EndGlobalSection
	GlobalSection(ExtensibilityGlobals) = postSolution
		SolutionGuid = {AD7D7002-254C-471B-84EF-AEA00297C1E7}
	EndGlobalSection
EndGlobal
